// !$*UTF8*$!
{
	archiveVersion = 1;
	classes = {
	};
	objectVersion = 56;
	objects = {

/* Begin PBXBuildFile section */
		639142F52B05AE8600A88364 /* WatchyApp.swift in Sources */ = {isa = PBXBuildFile; fileRef = 639142F42B05AE8600A88364 /* WatchyApp.swift */; };
		639142F72B05AE8600A88364 /* ContentView.swift in Sources */ = {isa = PBXBuildFile; fileRef = 639142F62B05AE8600A88364 /* ContentView.swift */; };
		639142F92B05AE8700A88364 /* Assets.xcassets in Resources */ = {isa = PBXBuildFile; fileRef = 639142F82B05AE8700A88364 /* Assets.xcassets */; };
		639142FC2B05AE8700A88364 /* Preview Assets.xcassets in Resources */ = {isa = PBXBuildFile; fileRef = 639142FB2B05AE8700A88364 /* Preview Assets.xcassets */; };
		639143032B05B1D900A88364 /* GoogleService-Info.plist in Resources */ = {isa = PBXBuildFile; fileRef = 639143022B05B1D900A88364 /* GoogleService-Info.plist */; };
		639143062B05B66D00A88364 /* FirebaseAnalytics in Frameworks */ = {isa = PBXBuildFile; productRef = 639143052B05B66D00A88364 /* FirebaseAnalytics */; };
		639143082B05B66D00A88364 /* FirebaseAnalyticsOnDeviceConversion in Frameworks */ = {isa = PBXBuildFile; productRef = 639143072B05B66D00A88364 /* FirebaseAnalyticsOnDeviceConversion */; };
		6391430A2B05B66D00A88364 /* FirebaseAnalyticsSwift in Frameworks */ = {isa = PBXBuildFile; productRef = 639143092B05B66D00A88364 /* FirebaseAnalyticsSwift */; };
		6391430C2B05B66D00A88364 /* FirebaseAnalyticsWithoutAdIdSupport in Frameworks */ = {isa = PBXBuildFile; productRef = 6391430B2B05B66D00A88364 /* FirebaseAnalyticsWithoutAdIdSupport */; };
		6391430E2B05B66D00A88364 /* FirebaseAppCheck in Frameworks */ = {isa = PBXBuildFile; productRef = 6391430D2B05B66D00A88364 /* FirebaseAppCheck */; };
		639143102B05B66D00A88364 /* FirebaseAppDistribution-Beta in Frameworks */ = {isa = PBXBuildFile; productRef = 6391430F2B05B66D00A88364 /* FirebaseAppDistribution-Beta */; };
		639143122B05B66D00A88364 /* FirebaseAuth in Frameworks */ = {isa = PBXBuildFile; productRef = 639143112B05B66D00A88364 /* FirebaseAuth */; };
		639143142B05B66D00A88364 /* FirebaseAuthCombine-Community in Frameworks */ = {isa = PBXBuildFile; productRef = 639143132B05B66D00A88364 /* FirebaseAuthCombine-Community */; };
		639143162B05B66D00A88364 /* FirebaseCrashlytics in Frameworks */ = {isa = PBXBuildFile; productRef = 639143152B05B66D00A88364 /* FirebaseCrashlytics */; };
		639143182B05B66D00A88364 /* FirebaseDatabase in Frameworks */ = {isa = PBXBuildFile; productRef = 639143172B05B66D00A88364 /* FirebaseDatabase */; };
		6391431A2B05B66D00A88364 /* FirebaseDatabaseSwift in Frameworks */ = {isa = PBXBuildFile; productRef = 639143192B05B66D00A88364 /* FirebaseDatabaseSwift */; };
		6391431C2B05B66D00A88364 /* FirebaseDynamicLinks in Frameworks */ = {isa = PBXBuildFile; productRef = 6391431B2B05B66D00A88364 /* FirebaseDynamicLinks */; };
		6391431E2B05B66D00A88364 /* FirebaseFirestore in Frameworks */ = {isa = PBXBuildFile; productRef = 6391431D2B05B66D00A88364 /* FirebaseFirestore */; };
		639143202B05B66D00A88364 /* FirebaseFirestoreCombine-Community in Frameworks */ = {isa = PBXBuildFile; productRef = 6391431F2B05B66D00A88364 /* FirebaseFirestoreCombine-Community */; };
		639143222B05B66D00A88364 /* FirebaseFirestoreSwift in Frameworks */ = {isa = PBXBuildFile; productRef = 639143212B05B66D00A88364 /* FirebaseFirestoreSwift */; };
		639143242B05B66D00A88364 /* FirebaseFunctions in Frameworks */ = {isa = PBXBuildFile; productRef = 639143232B05B66D00A88364 /* FirebaseFunctions */; };
		639143262B05B66D00A88364 /* FirebaseFunctionsCombine-Community in Frameworks */ = {isa = PBXBuildFile; productRef = 639143252B05B66D00A88364 /* FirebaseFunctionsCombine-Community */; };
		639143282B05B66D00A88364 /* FirebaseInAppMessaging-Beta in Frameworks */ = {isa = PBXBuildFile; productRef = 639143272B05B66D00A88364 /* FirebaseInAppMessaging-Beta */; };
		6391432A2B05B66D00A88364 /* FirebaseInAppMessagingSwift-Beta in Frameworks */ = {isa = PBXBuildFile; productRef = 639143292B05B66D00A88364 /* FirebaseInAppMessagingSwift-Beta */; };
		6391432C2B05B66D00A88364 /* FirebaseInstallations in Frameworks */ = {isa = PBXBuildFile; productRef = 6391432B2B05B66D00A88364 /* FirebaseInstallations */; };
		6391432E2B05B66D00A88364 /* FirebaseMLModelDownloader in Frameworks */ = {isa = PBXBuildFile; productRef = 6391432D2B05B66D00A88364 /* FirebaseMLModelDownloader */; };
		639143302B05B66D00A88364 /* FirebaseMessaging in Frameworks */ = {isa = PBXBuildFile; productRef = 6391432F2B05B66D00A88364 /* FirebaseMessaging */; };
		639143322B05B66D00A88364 /* FirebasePerformance in Frameworks */ = {isa = PBXBuildFile; productRef = 639143312B05B66D00A88364 /* FirebasePerformance */; };
		639143342B05B66D00A88364 /* FirebaseRemoteConfig in Frameworks */ = {isa = PBXBuildFile; productRef = 639143332B05B66D00A88364 /* FirebaseRemoteConfig */; };
		639143362B05B66D00A88364 /* FirebaseRemoteConfigSwift in Frameworks */ = {isa = PBXBuildFile; productRef = 639143352B05B66D00A88364 /* FirebaseRemoteConfigSwift */; };
		639143382B05B66D00A88364 /* FirebaseStorage in Frameworks */ = {isa = PBXBuildFile; productRef = 639143372B05B66D00A88364 /* FirebaseStorage */; };
		6391433A2B05B66D00A88364 /* FirebaseStorageCombine-Community in Frameworks */ = {isa = PBXBuildFile; productRef = 639143392B05B66D00A88364 /* FirebaseStorageCombine-Community */; };
/* End PBXBuildFile section */

/* Begin PBXFileReference section */
		639142F12B05AE8600A88364 /* Watchy.app */ = {isa = PBXFileReference; explicitFileType = wrapper.application; includeInIndex = 0; path = Watchy.app; sourceTree = BUILT_PRODUCTS_DIR; };
		639142F42B05AE8600A88364 /* WatchyApp.swift */ = {isa = PBXFileReference; lastKnownFileType = sourcecode.swift; path = WatchyApp.swift; sourceTree = "<group>"; };
		639142F62B05AE8600A88364 /* ContentView.swift */ = {isa = PBXFileReference; lastKnownFileType = sourcecode.swift; path = ContentView.swift; sourceTree = "<group>"; };
		639142F82B05AE8700A88364 /* Assets.xcassets */ = {isa = PBXFileReference; lastKnownFileType = folder.assetcatalog; path = Assets.xcassets; sourceTree = "<group>"; };
		639142FB2B05AE8700A88364 /* Preview Assets.xcassets */ = {isa = PBXFileReference; lastKnownFileType = folder.assetcatalog; path = "Preview Assets.xcassets"; sourceTree = "<group>"; };
		639143022B05B1D900A88364 /* GoogleService-Info.plist */ = {isa = PBXFileReference; fileEncoding = 4; lastKnownFileType = text.plist.xml; path = "GoogleService-Info.plist"; sourceTree = "<group>"; };
/* End PBXFileReference section */

/* Begin PBXFrameworksBuildPhase section */
		639142EE2B05AE8600A88364 /* Frameworks */ = {
			isa = PBXFrameworksBuildPhase;
			buildActionMask = 2147483647;
			files = (
				639143182B05B66D00A88364 /* FirebaseDatabase in Frameworks */,
				639143262B05B66D00A88364 /* FirebaseFunctionsCombine-Community in Frameworks */,
				6391431E2B05B66D00A88364 /* FirebaseFirestore in Frameworks */,
				6391430A2B05B66D00A88364 /* FirebaseAnalyticsSwift in Frameworks */,
				639143062B05B66D00A88364 /* FirebaseAnalytics in Frameworks */,
				639143082B05B66D00A88364 /* FirebaseAnalyticsOnDeviceConversion in Frameworks */,
				6391432E2B05B66D00A88364 /* FirebaseMLModelDownloader in Frameworks */,
				639143222B05B66D00A88364 /* FirebaseFirestoreSwift in Frameworks */,
				6391430E2B05B66D00A88364 /* FirebaseAppCheck in Frameworks */,
				6391430C2B05B66D00A88364 /* FirebaseAnalyticsWithoutAdIdSupport in Frameworks */,
				639143122B05B66D00A88364 /* FirebaseAuth in Frameworks */,
				639143162B05B66D00A88364 /* FirebaseCrashlytics in Frameworks */,
				639143362B05B66D00A88364 /* FirebaseRemoteConfigSwift in Frameworks */,
				639143282B05B66D00A88364 /* FirebaseInAppMessaging-Beta in Frameworks */,
				6391431A2B05B66D00A88364 /* FirebaseDatabaseSwift in Frameworks */,
				639143242B05B66D00A88364 /* FirebaseFunctions in Frameworks */,
				6391433A2B05B66D00A88364 /* FirebaseStorageCombine-Community in Frameworks */,
				639143342B05B66D00A88364 /* FirebaseRemoteConfig in Frameworks */,
				639143102B05B66D00A88364 /* FirebaseAppDistribution-Beta in Frameworks */,
				639143142B05B66D00A88364 /* FirebaseAuthCombine-Community in Frameworks */,
				639143322B05B66D00A88364 /* FirebasePerformance in Frameworks */,
				6391432A2B05B66D00A88364 /* FirebaseInAppMessagingSwift-Beta in Frameworks */,
				639143382B05B66D00A88364 /* FirebaseStorage in Frameworks */,
				6391431C2B05B66D00A88364 /* FirebaseDynamicLinks in Frameworks */,
				639143202B05B66D00A88364 /* FirebaseFirestoreCombine-Community in Frameworks */,
				639143302B05B66D00A88364 /* FirebaseMessaging in Frameworks */,
				6391432C2B05B66D00A88364 /* FirebaseInstallations in Frameworks */,
			);
			runOnlyForDeploymentPostprocessing = 0;
		};
/* End PBXFrameworksBuildPhase section */

/* Begin PBXGroup section */
		639142E82B05AE8600A88364 = {
			isa = PBXGroup;
			children = (
				639142F32B05AE8600A88364 /* Watchy */,
				639142F22B05AE8600A88364 /* Products */,
			);
			sourceTree = "<group>";
		};
		639142F22B05AE8600A88364 /* Products */ = {
			isa = PBXGroup;
			children = (
				639142F12B05AE8600A88364 /* Watchy.app */,
			);
			name = Products;
			sourceTree = "<group>";
		};
		639142F32B05AE8600A88364 /* Watchy */ = {
			isa = PBXGroup;
			children = (
				639142F42B05AE8600A88364 /* WatchyApp.swift */,
				639142F62B05AE8600A88364 /* ContentView.swift */,
				639143022B05B1D900A88364 /* GoogleService-Info.plist */,
				639142F82B05AE8700A88364 /* Assets.xcassets */,
				639142FA2B05AE8700A88364 /* Preview Content */,
			);
			path = Watchy;
			sourceTree = "<group>";
		};
		639142FA2B05AE8700A88364 /* Preview Content */ = {
			isa = PBXGroup;
			children = (
				639142FB2B05AE8700A88364 /* Preview Assets.xcassets */,
			);
			path = "Preview Content";
			sourceTree = "<group>";
		};
/* End PBXGroup section */

/* Begin PBXNativeTarget section */
		639142F02B05AE8600A88364 /* Watchy */ = {
			isa = PBXNativeTarget;
			buildConfigurationList = 639142FF2B05AE8700A88364 /* Build configuration list for PBXNativeTarget "Watchy" */;
			buildPhases = (
				639142ED2B05AE8600A88364 /* Sources */,
				639142EE2B05AE8600A88364 /* Frameworks */,
				639142EF2B05AE8600A88364 /* Resources */,
			);
			buildRules = (
			);
			dependencies = (
			);
			name = Watchy;
			packageProductDependencies = (
				639143052B05B66D00A88364 /* FirebaseAnalytics */,
				639143072B05B66D00A88364 /* FirebaseAnalyticsOnDeviceConversion */,
				639143092B05B66D00A88364 /* FirebaseAnalyticsSwift */,
				6391430B2B05B66D00A88364 /* FirebaseAnalyticsWithoutAdIdSupport */,
				6391430D2B05B66D00A88364 /* FirebaseAppCheck */,
				6391430F2B05B66D00A88364 /* FirebaseAppDistribution-Beta */,
				639143112B05B66D00A88364 /* FirebaseAuth */,
				639143132B05B66D00A88364 /* FirebaseAuthCombine-Community */,
				639143152B05B66D00A88364 /* FirebaseCrashlytics */,
				639143172B05B66D00A88364 /* FirebaseDatabase */,
				639143192B05B66D00A88364 /* FirebaseDatabaseSwift */,
				6391431B2B05B66D00A88364 /* FirebaseDynamicLinks */,
				6391431D2B05B66D00A88364 /* FirebaseFirestore */,
				6391431F2B05B66D00A88364 /* FirebaseFirestoreCombine-Community */,
				639143212B05B66D00A88364 /* FirebaseFirestoreSwift */,
				639143232B05B66D00A88364 /* FirebaseFunctions */,
				639143252B05B66D00A88364 /* FirebaseFunctionsCombine-Community */,
				639143272B05B66D00A88364 /* FirebaseInAppMessaging-Beta */,
				639143292B05B66D00A88364 /* FirebaseInAppMessagingSwift-Beta */,
				6391432B2B05B66D00A88364 /* FirebaseInstallations */,
				6391432D2B05B66D00A88364 /* FirebaseMLModelDownloader */,
				6391432F2B05B66D00A88364 /* FirebaseMessaging */,
				639143312B05B66D00A88364 /* FirebasePerformance */,
				639143332B05B66D00A88364 /* FirebaseRemoteConfig */,
				639143352B05B66D00A88364 /* FirebaseRemoteConfigSwift */,
				639143372B05B66D00A88364 /* FirebaseStorage */,
				639143392B05B66D00A88364 /* FirebaseStorageCombine-Community */,
			);
			productName = Watchy;
			productReference = 639142F12B05AE8600A88364 /* Watchy.app */;
			productType = "com.apple.product-type.application";
		};
/* End PBXNativeTarget section */

/* Begin PBXProject section */
		639142E92B05AE8600A88364 /* Project object */ = {
			isa = PBXProject;
			attributes = {
				BuildIndependentTargetsInParallel = 1;
				LastSwiftUpdateCheck = 1500;
				LastUpgradeCheck = 1500;
				TargetAttributes = {
					639142F02B05AE8600A88364 = {
						CreatedOnToolsVersion = 15.0.1;
					};
				};
			};
			buildConfigurationList = 639142EC2B05AE8600A88364 /* Build configuration list for PBXProject "Watchy" */;
			compatibilityVersion = "Xcode 14.0";
			developmentRegion = en;
			hasScannedForEncodings = 0;
			knownRegions = (
				en,
				Base,
			);
			mainGroup = 639142E82B05AE8600A88364;
			packageReferences = (
				639143042B05B66D00A88364 /* XCRemoteSwiftPackageReference "firebase-ios-sdk" */,
			);
			productRefGroup = 639142F22B05AE8600A88364 /* Products */;
			projectDirPath = "";
			projectRoot = "";
			targets = (
				639142F02B05AE8600A88364 /* Watchy */,
			);
		};
/* End PBXProject section */

/* Begin PBXResourcesBuildPhase section */
		639142EF2B05AE8600A88364 /* Resources */ = {
			isa = PBXResourcesBuildPhase;
			buildActionMask = 2147483647;
			files = (
				639142FC2B05AE8700A88364 /* Preview Assets.xcassets in Resources */,
				639142F92B05AE8700A88364 /* Assets.xcassets in Resources */,
				639143032B05B1D900A88364 /* GoogleService-Info.plist in Resources */,
			);
			runOnlyForDeploymentPostprocessing = 0;
		};
/* End PBXResourcesBuildPhase section */

/* Begin PBXSourcesBuildPhase section */
		639142ED2B05AE8600A88364 /* Sources */ = {
			isa = PBXSourcesBuildPhase;
			buildActionMask = 2147483647;
			files = (
				639142F72B05AE8600A88364 /* ContentView.swift in Sources */,
				639142F52B05AE8600A88364 /* WatchyApp.swift in Sources */,
			);
			runOnlyForDeploymentPostprocessing = 0;
		};
/* End PBXSourcesBuildPhase section */

/* Begin XCBuildConfiguration section */
		639142FD2B05AE8700A88364 /* Debug */ = {
			isa = XCBuildConfiguration;
			buildSettings = {
				ALWAYS_SEARCH_USER_PATHS = NO;
				ASSETCATALOG_COMPILER_GENERATE_SWIFT_ASSET_SYMBOL_EXTENSIONS = YES;
				CLANG_ANALYZER_NONNULL = YES;
				CLANG_ANALYZER_NUMBER_OBJECT_CONVERSION = YES_AGGRESSIVE;
				CLANG_CXX_LANGUAGE_STANDARD = "gnu++20";
				CLANG_ENABLE_MODULES = YES;
				CLANG_ENABLE_OBJC_ARC = YES;
				CLANG_ENABLE_OBJC_WEAK = YES;
				CLANG_WARN_BLOCK_CAPTURE_AUTORELEASING = YES;
				CLANG_WARN_BOOL_CONVERSION = YES;
				CLANG_WARN_COMMA = YES;
				CLANG_WARN_CONSTANT_CONVERSION = YES;
				CLANG_WARN_DEPRECATED_OBJC_IMPLEMENTATIONS = YES;
				CLANG_WARN_DIRECT_OBJC_ISA_USAGE = YES_ERROR;
				CLANG_WARN_DOCUMENTATION_COMMENTS = YES;
				CLANG_WARN_EMPTY_BODY = YES;
				CLANG_WARN_ENUM_CONVERSION = YES;
				CLANG_WARN_INFINITE_RECURSION = YES;
				CLANG_WARN_INT_CONVERSION = YES;
				CLANG_WARN_NON_LITERAL_NULL_CONVERSION = YES;
				CLANG_WARN_OBJC_IMPLICIT_RETAIN_SELF = YES;
				CLANG_WARN_OBJC_LITERAL_CONVERSION = YES;
				CLANG_WARN_OBJC_ROOT_CLASS = YES_ERROR;
				CLANG_WARN_QUOTED_INCLUDE_IN_FRAMEWORK_HEADER = YES;
				CLANG_WARN_RANGE_LOOP_ANALYSIS = YES;
				CLANG_WARN_STRICT_PROTOTYPES = YES;
				CLANG_WARN_SUSPICIOUS_MOVE = YES;
				CLANG_WARN_UNGUARDED_AVAILABILITY = YES_AGGRESSIVE;
				CLANG_WARN_UNREACHABLE_CODE = YES;
				CLANG_WARN__DUPLICATE_METHOD_MATCH = YES;
				COPY_PHASE_STRIP = NO;
				DEBUG_INFORMATION_FORMAT = dwarf;
				ENABLE_STRICT_OBJC_MSGSEND = YES;
				ENABLE_TESTABILITY = YES;
				ENABLE_USER_SCRIPT_SANDBOXING = YES;
				GCC_C_LANGUAGE_STANDARD = gnu17;
				GCC_DYNAMIC_NO_PIC = NO;
				GCC_NO_COMMON_BLOCKS = YES;
				GCC_OPTIMIZATION_LEVEL = 0;
				GCC_PREPROCESSOR_DEFINITIONS = (
					"DEBUG=1",
					"$(inherited)",
				);
				GCC_WARN_64_TO_32_BIT_CONVERSION = YES;
				GCC_WARN_ABOUT_RETURN_TYPE = YES_ERROR;
				GCC_WARN_UNDECLARED_SELECTOR = YES;
				GCC_WARN_UNINITIALIZED_AUTOS = YES_AGGRESSIVE;
				GCC_WARN_UNUSED_FUNCTION = YES;
				GCC_WARN_UNUSED_VARIABLE = YES;
				IPHONEOS_DEPLOYMENT_TARGET = 17.0;
				LOCALIZATION_PREFERS_STRING_CATALOGS = YES;
				MTL_ENABLE_DEBUG_INFO = INCLUDE_SOURCE;
				MTL_FAST_MATH = YES;
				ONLY_ACTIVE_ARCH = YES;
				SDKROOT = iphoneos;
				SWIFT_ACTIVE_COMPILATION_CONDITIONS = "DEBUG $(inherited)";
				SWIFT_OPTIMIZATION_LEVEL = "-Onone";
			};
			name = Debug;
		};
		639142FE2B05AE8700A88364 /* Release */ = {
			isa = XCBuildConfiguration;
			buildSettings = {
				ALWAYS_SEARCH_USER_PATHS = NO;
				ASSETCATALOG_COMPILER_GENERATE_SWIFT_ASSET_SYMBOL_EXTENSIONS = YES;
				CLANG_ANALYZER_NONNULL = YES;
				CLANG_ANALYZER_NUMBER_OBJECT_CONVERSION = YES_AGGRESSIVE;
				CLANG_CXX_LANGUAGE_STANDARD = "gnu++20";
				CLANG_ENABLE_MODULES = YES;
				CLANG_ENABLE_OBJC_ARC = YES;
				CLANG_ENABLE_OBJC_WEAK = YES;
				CLANG_WARN_BLOCK_CAPTURE_AUTORELEASING = YES;
				CLANG_WARN_BOOL_CONVERSION = YES;
				CLANG_WARN_COMMA = YES;
				CLANG_WARN_CONSTANT_CONVERSION = YES;
				CLANG_WARN_DEPRECATED_OBJC_IMPLEMENTATIONS = YES;
				CLANG_WARN_DIRECT_OBJC_ISA_USAGE = YES_ERROR;
				CLANG_WARN_DOCUMENTATION_COMMENTS = YES;
				CLANG_WARN_EMPTY_BODY = YES;
				CLANG_WARN_ENUM_CONVERSION = YES;
				CLANG_WARN_INFINITE_RECURSION = YES;
				CLANG_WARN_INT_CONVERSION = YES;
				CLANG_WARN_NON_LITERAL_NULL_CONVERSION = YES;
				CLANG_WARN_OBJC_IMPLICIT_RETAIN_SELF = YES;
				CLANG_WARN_OBJC_LITERAL_CONVERSION = YES;
				CLANG_WARN_OBJC_ROOT_CLASS = YES_ERROR;
				CLANG_WARN_QUOTED_INCLUDE_IN_FRAMEWORK_HEADER = YES;
				CLANG_WARN_RANGE_LOOP_ANALYSIS = YES;
				CLANG_WARN_STRICT_PROTOTYPES = YES;
				CLANG_WARN_SUSPICIOUS_MOVE = YES;
				CLANG_WARN_UNGUARDED_AVAILABILITY = YES_AGGRESSIVE;
				CLANG_WARN_UNREACHABLE_CODE = YES;
				CLANG_WARN__DUPLICATE_METHOD_MATCH = YES;
				COPY_PHASE_STRIP = NO;
				DEBUG_INFORMATION_FORMAT = "dwarf-with-dsym";
				ENABLE_NS_ASSERTIONS = NO;
				ENABLE_STRICT_OBJC_MSGSEND = YES;
				ENABLE_USER_SCRIPT_SANDBOXING = YES;
				GCC_C_LANGUAGE_STANDARD = gnu17;
				GCC_NO_COMMON_BLOCKS = YES;
				GCC_WARN_64_TO_32_BIT_CONVERSION = YES;
				GCC_WARN_ABOUT_RETURN_TYPE = YES_ERROR;
				GCC_WARN_UNDECLARED_SELECTOR = YES;
				GCC_WARN_UNINITIALIZED_AUTOS = YES_AGGRESSIVE;
				GCC_WARN_UNUSED_FUNCTION = YES;
				GCC_WARN_UNUSED_VARIABLE = YES;
				IPHONEOS_DEPLOYMENT_TARGET = 17.0;
				LOCALIZATION_PREFERS_STRING_CATALOGS = YES;
				MTL_ENABLE_DEBUG_INFO = NO;
				MTL_FAST_MATH = YES;
				SDKROOT = iphoneos;
				SWIFT_COMPILATION_MODE = wholemodule;
				VALIDATE_PRODUCT = YES;
			};
			name = Release;
		};
		639143002B05AE8700A88364 /* Debug */ = {
			isa = XCBuildConfiguration;
			buildSettings = {
				ASSETCATALOG_COMPILER_APPICON_NAME = AppIcon;
				ASSETCATALOG_COMPILER_GLOBAL_ACCENT_COLOR_NAME = AccentColor;
				CODE_SIGN_STYLE = Automatic;
				CURRENT_PROJECT_VERSION = 1;
				DEVELOPMENT_ASSET_PATHS = "\"Watchy/Preview Content\"";
				DEVELOPMENT_TEAM = BVK37J4S5Z;
				ENABLE_PREVIEWS = YES;
				GENERATE_INFOPLIST_FILE = YES;
				INFOPLIST_KEY_UIApplicationSceneManifest_Generation = YES;
				INFOPLIST_KEY_UIApplicationSupportsIndirectInputEvents = YES;
				INFOPLIST_KEY_UILaunchScreen_Generation = YES;
				INFOPLIST_KEY_UISupportedInterfaceOrientations_iPad = "UIInterfaceOrientationPortrait UIInterfaceOrientationPortraitUpsideDown UIInterfaceOrientationLandscapeLeft UIInterfaceOrientationLandscapeRight";
				INFOPLIST_KEY_UISupportedInterfaceOrientations_iPhone = "UIInterfaceOrientationPortrait UIInterfaceOrientationLandscapeLeft UIInterfaceOrientationLandscapeRight";
				LD_RUNPATH_SEARCH_PATHS = (
					"$(inherited)",
					"@executable_path/Frameworks",
				);
				MARKETING_VERSION = 1.0;
				PRODUCT_BUNDLE_IDENTIFIER = de.ak.Watchy;
				PRODUCT_NAME = "$(TARGET_NAME)";
				SWIFT_EMIT_LOC_STRINGS = YES;
				SWIFT_VERSION = 5.0;
				TARGETED_DEVICE_FAMILY = "1,2";
			};
			name = Debug;
		};
		639143012B05AE8700A88364 /* Release */ = {
			isa = XCBuildConfiguration;
			buildSettings = {
				ASSETCATALOG_COMPILER_APPICON_NAME = AppIcon;
				ASSETCATALOG_COMPILER_GLOBAL_ACCENT_COLOR_NAME = AccentColor;
				CODE_SIGN_STYLE = Automatic;
				CURRENT_PROJECT_VERSION = 1;
				DEVELOPMENT_ASSET_PATHS = "\"Watchy/Preview Content\"";
				DEVELOPMENT_TEAM = BVK37J4S5Z;
				ENABLE_PREVIEWS = YES;
				GENERATE_INFOPLIST_FILE = YES;
				INFOPLIST_KEY_UIApplicationSceneManifest_Generation = YES;
				INFOPLIST_KEY_UIApplicationSupportsIndirectInputEvents = YES;
				INFOPLIST_KEY_UILaunchScreen_Generation = YES;
				INFOPLIST_KEY_UISupportedInterfaceOrientations_iPad = "UIInterfaceOrientationPortrait UIInterfaceOrientationPortraitUpsideDown UIInterfaceOrientationLandscapeLeft UIInterfaceOrientationLandscapeRight";
				INFOPLIST_KEY_UISupportedInterfaceOrientations_iPhone = "UIInterfaceOrientationPortrait UIInterfaceOrientationLandscapeLeft UIInterfaceOrientationLandscapeRight";
				LD_RUNPATH_SEARCH_PATHS = (
					"$(inherited)",
					"@executable_path/Frameworks",
				);
				MARKETING_VERSION = 1.0;
				PRODUCT_BUNDLE_IDENTIFIER = de.ak.Watchy;
				PRODUCT_NAME = "$(TARGET_NAME)";
				SWIFT_EMIT_LOC_STRINGS = YES;
				SWIFT_VERSION = 5.0;
				TARGETED_DEVICE_FAMILY = "1,2";
			};
			name = Release;
		};
/* End XCBuildConfiguration section */

/* Begin XCConfigurationList section */
		639142EC2B05AE8600A88364 /* Build configuration list for PBXProject "Watchy" */ = {
			isa = XCConfigurationList;
			buildConfigurations = (
				639142FD2B05AE8700A88364 /* Debug */,
				639142FE2B05AE8700A88364 /* Release */,
			);
			defaultConfigurationIsVisible = 0;
			defaultConfigurationName = Release;
		};
		639142FF2B05AE8700A88364 /* Build configuration list for PBXNativeTarget "Watchy" */ = {
			isa = XCConfigurationList;
			buildConfigurations = (
				639143002B05AE8700A88364 /* Debug */,
				639143012B05AE8700A88364 /* Release */,
			);
			defaultConfigurationIsVisible = 0;
			defaultConfigurationName = Release;
		};
/* End XCConfigurationList section */

/* Begin XCRemoteSwiftPackageReference section */
		639143042B05B66D00A88364 /* XCRemoteSwiftPackageReference "firebase-ios-sdk" */ = {
			isa = XCRemoteSwiftPackageReference;
			repositoryURL = "https://github.com/firebase/firebase-ios-sdk.git";
			requirement = {
				kind = upToNextMajorVersion;
				minimumVersion = 10.18.0;
			};
		};
/* End XCRemoteSwiftPackageReference section */

/* Begin XCSwiftPackageProductDependency section */
		639143052B05B66D00A88364 /* FirebaseAnalytics */ = {
			isa = XCSwiftPackageProductDependency;
			package = 639143042B05B66D00A88364 /* XCRemoteSwiftPackageReference "firebase-ios-sdk" */;
			productName = FirebaseAnalytics;
		};
		639143072B05B66D00A88364 /* FirebaseAnalyticsOnDeviceConversion */ = {
			isa = XCSwiftPackageProductDependency;
			package = 639143042B05B66D00A88364 /* XCRemoteSwiftPackageReference "firebase-ios-sdk" */;
			productName = FirebaseAnalyticsOnDeviceConversion;
		};
		639143092B05B66D00A88364 /* FirebaseAnalyticsSwift */ = {
			isa = XCSwiftPackageProductDependency;
			package = 639143042B05B66D00A88364 /* XCRemoteSwiftPackageReference "firebase-ios-sdk" */;
			productName = FirebaseAnalyticsSwift;
		};
		6391430B2B05B66D00A88364 /* FirebaseAnalyticsWithoutAdIdSupport */ = {
			isa = XCSwiftPackageProductDependency;
			package = 639143042B05B66D00A88364 /* XCRemoteSwiftPackageReference "firebase-ios-sdk" */;
			productName = FirebaseAnalyticsWithoutAdIdSupport;
		};
		6391430D2B05B66D00A88364 /* FirebaseAppCheck */ = {
			isa = XCSwiftPackageProductDependency;
			package = 639143042B05B66D00A88364 /* XCRemoteSwiftPackageReference "firebase-ios-sdk" */;
			productName = FirebaseAppCheck;
		};
		6391430F2B05B66D00A88364 /* FirebaseAppDistribution-Beta */ = {
			isa = XCSwiftPackageProductDependency;
			package = 639143042B05B66D00A88364 /* XCRemoteSwiftPackageReference "firebase-ios-sdk" */;
			productName = "FirebaseAppDistribution-Beta";
		};
		639143112B05B66D00A88364 /* FirebaseAuth */ = {
			isa = XCSwiftPackageProductDependency;
			package = 639143042B05B66D00A88364 /* XCRemoteSwiftPackageReference "firebase-ios-sdk" */;
			productName = FirebaseAuth;
		};
		639143132B05B66D00A88364 /* FirebaseAuthCombine-Community */ = {
			isa = XCSwiftPackageProductDependency;
			package = 639143042B05B66D00A88364 /* XCRemoteSwiftPackageReference "firebase-ios-sdk" */;
			productName = "FirebaseAuthCombine-Community";
		};
		639143152B05B66D00A88364 /* FirebaseCrashlytics */ = {
			isa = XCSwiftPackageProductDependency;
			package = 639143042B05B66D00A88364 /* XCRemoteSwiftPackageReference "firebase-ios-sdk" */;
			productName = FirebaseCrashlytics;
		};
		639143172B05B66D00A88364 /* FirebaseDatabase */ = {
			isa = XCSwiftPackageProductDependency;
			package = 639143042B05B66D00A88364 /* XCRemoteSwiftPackageReference "firebase-ios-sdk" */;
			productName = FirebaseDatabase;
		};
		639143192B05B66D00A88364 /* FirebaseDatabaseSwift */ = {
			isa = XCSwiftPackageProductDependency;
			package = 639143042B05B66D00A88364 /* XCRemoteSwiftPackageReference "firebase-ios-sdk" */;
			productName = FirebaseDatabaseSwift;
		};
		6391431B2B05B66D00A88364 /* FirebaseDynamicLinks */ = {
			isa = XCSwiftPackageProductDependency;
			package = 639143042B05B66D00A88364 /* XCRemoteSwiftPackageReference "firebase-ios-sdk" */;
			productName = FirebaseDynamicLinks;
		};
		6391431D2B05B66D00A88364 /* FirebaseFirestore */ = {
			isa = XCSwiftPackageProductDependency;
			package = 639143042B05B66D00A88364 /* XCRemoteSwiftPackageReference "firebase-ios-sdk" */;
			productName = FirebaseFirestore;
		};
		6391431F2B05B66D00A88364 /* FirebaseFirestoreCombine-Community */ = {
			isa = XCSwiftPackageProductDependency;
			package = 639143042B05B66D00A88364 /* XCRemoteSwiftPackageReference "firebase-ios-sdk" */;
			productName = "FirebaseFirestoreCombine-Community";
		};
		639143212B05B66D00A88364 /* FirebaseFirestoreSwift */ = {
			isa = XCSwiftPackageProductDependency;
			package = 639143042B05B66D00A88364 /* XCRemoteSwiftPackageReference "firebase-ios-sdk" */;
			productName = FirebaseFirestoreSwift;
		};
		639143232B05B66D00A88364 /* FirebaseFunctions */ = {
			isa = XCSwiftPackageProductDependency;
			package = 639143042B05B66D00A88364 /* XCRemoteSwiftPackageReference "firebase-ios-sdk" */;
			productName = FirebaseFunctions;
		};
		639143252B05B66D00A88364 /* FirebaseFunctionsCombine-Community */ = {
			isa = XCSwiftPackageProductDependency;
			package = 639143042B05B66D00A88364 /* XCRemoteSwiftPackageReference "firebase-ios-sdk" */;
			productName = "FirebaseFunctionsCombine-Community";
		};
		639143272B05B66D00A88364 /* FirebaseInAppMessaging-Beta */ = {
			isa = XCSwiftPackageProductDependency;
			package = 639143042B05B66D00A88364 /* XCRemoteSwiftPackageReference "firebase-ios-sdk" */;
			productName = "FirebaseInAppMessaging-Beta";
		};
		639143292B05B66D00A88364 /* FirebaseInAppMessagingSwift-Beta */ = {
			isa = XCSwiftPackageProductDependency;
			package = 639143042B05B66D00A88364 /* XCRemoteSwiftPackageReference "firebase-ios-sdk" */;
			productName = "FirebaseInAppMessagingSwift-Beta";
		};
		6391432B2B05B66D00A88364 /* FirebaseInstallations */ = {
			isa = XCSwiftPackageProductDependency;
			package = 639143042B05B66D00A88364 /* XCRemoteSwiftPackageReference "firebase-ios-sdk" */;
			productName = FirebaseInstallations;
		};
		6391432D2B05B66D00A88364 /* FirebaseMLModelDownloader */ = {
			isa = XCSwiftPackageProductDependency;
			package = 639143042B05B66D00A88364 /* XCRemoteSwiftPackageReference "firebase-ios-sdk" */;
			productName = FirebaseMLModelDownloader;
		};
		6391432F2B05B66D00A88364 /* FirebaseMessaging */ = {
			isa = XCSwiftPackageProductDependency;
			package = 639143042B05B66D00A88364 /* XCRemoteSwiftPackageReference "firebase-ios-sdk" */;
			productName = FirebaseMessaging;
		};
		639143312B05B66D00A88364 /* FirebasePerformance */ = {
			isa = XCSwiftPackageProductDependency;
			package = 639143042B05B66D00A88364 /* XCRemoteSwiftPackageReference "firebase-ios-sdk" */;
			productName = FirebasePerformance;
		};
		639143332B05B66D00A88364 /* FirebaseRemoteConfig */ = {
			isa = XCSwiftPackageProductDependency;
			package = 639143042B05B66D00A88364 /* XCRemoteSwiftPackageReference "firebase-ios-sdk" */;
			productName = FirebaseRemoteConfig;
		};
		639143352B05B66D00A88364 /* FirebaseRemoteConfigSwift */ = {
			isa = XCSwiftPackageProductDependency;
			package = 639143042B05B66D00A88364 /* XCRemoteSwiftPackageReference "firebase-ios-sdk" */;
			productName = FirebaseRemoteConfigSwift;
		};
		639143372B05B66D00A88364 /* FirebaseStorage */ = {
			isa = XCSwiftPackageProductDependency;
			package = 639143042B05B66D00A88364 /* XCRemoteSwiftPackageReference "firebase-ios-sdk" */;
			productName = FirebaseStorage;
		};
		639143392B05B66D00A88364 /* FirebaseStorageCombine-Community */ = {
			isa = XCSwiftPackageProductDependency;
			package = 639143042B05B66D00A88364 /* XCRemoteSwiftPackageReference "firebase-ios-sdk" */;
			productName = "FirebaseStorageCombine-Community";
		};
/* End XCSwiftPackageProductDependency section */
	};
	rootObject = 639142E92B05AE8600A88364 /* Project object */;
}
